
Microsoft Visual Studio Solution File, Format Version 12.00
# Visual Studio Version 16
VisualStudioVersion = 16.0.31624.102
MinimumVisualStudioVersion = 10.0.40219.1
Project("{FAE04EC0-301F-11D3-BF4B-00C04F79EFBC}") = "Calculadora", "Calculadora\Calculadora.csproj", "{CACDB823-2C98-4E30-807C-C546D4ABB971}"
EndProject
Global
	GlobalSection(SolutionConfigurationPlatforms) = preSolution
		Debug|Any CPU = Debug|Any CPU
		Release|Any CPU = Release|Any CPU
	EndGlobalSection
	GlobalSection(ProjectConfigurationPlatforms) = postSolution
		{CACDB823-2C98-4E30-807C-C546D4ABB971}.Debug|Any CPU.ActiveCfg = Debug|Any CPU
		{CACDB823-2C98-4E30-807C-C546D4ABB971}.Debug|Any CPU.Build.0 = Debug|Any CPU
		{CACDB823-2C98-4E30-807C-C546D4ABB971}.Release|Any CPU.ActiveCfg = Release|Any CPU
		{CACDB823-2C98-4E30-807C-C546D4ABB971}.Release|Any CPU.Build.0 = Release|Any CPU
	EndGlobalSection
	GlobalSection(SolutionProperties) = preSolution
		HideSolutionNode = FALSE
	EndGlobalSection
	GlobalSection(ExtensibilityGlobals) = postSolution
		SolutionGuid = {DC370583-E07B-46FA-8CA2-6ABBD6E02DD1}
	EndGlobalSection
EndGlobal
